
Microsoft Visual Studio Solution File, Format Version 12.00
# Visual Studio Version 17
VisualStudioVersion = 17.8.34511.84
MinimumVisualStudioVersion = 10.0.40219.1
Project("{9A19103F-16F7-4668-BE54-9A1E7A4F7556}") = "CacheTests", "CacheTests\CacheTests.csproj", "{CED0E843-FF89-4E4B-818C-E372CE105AB6}"
EndProject
Project("{9A19103F-16F7-4668-BE54-9A1E7A4F7556}") = "RedisExchangeApi", "RedisExchangeApi\RedisExchangeApi.csproj", "{E0537D0E-9FCC-48A0-97D2-5084519DC3B7}"
EndProject
Project("{FAE04EC0-301F-11D3-BF4B-00C04F79EFBC}") = "RedisExampleApi", "RedisExampleApi\RedisExampleApi.csproj", "{2BFE2F01-CB71-4CCC-BFBC-9E74C9F4EDA4}"
EndProject
Global
	GlobalSection(SolutionConfigurationPlatforms) = preSolution
		Debug|Any CPU = Debug|Any CPU
		Release|Any CPU = Release|Any CPU
	EndGlobalSection
	GlobalSection(ProjectConfigurationPlatforms) = postSolution
		{CED0E843-FF89-4E4B-818C-E372CE105AB6}.Debug|Any CPU.ActiveCfg = Debug|Any CPU
		{CED0E843-FF89-4E4B-818C-E372CE105AB6}.Debug|Any CPU.Build.0 = Debug|Any CPU
		{CED0E843-FF89-4E4B-818C-E372CE105AB6}.Release|Any CPU.ActiveCfg = Release|Any CPU
		{CED0E843-FF89-4E4B-818C-E372CE105AB6}.Release|Any CPU.Build.0 = Release|Any CPU
		{E0537D0E-9FCC-48A0-97D2-5084519DC3B7}.Debug|Any CPU.ActiveCfg = Debug|Any CPU
		{E0537D0E-9FCC-48A0-97D2-5084519DC3B7}.Debug|Any CPU.Build.0 = Debug|Any CPU
		{E0537D0E-9FCC-48A0-97D2-5084519DC3B7}.Release|Any CPU.ActiveCfg = Release|Any CPU
		{E0537D0E-9FCC-48A0-97D2-5084519DC3B7}.Release|Any CPU.Build.0 = Release|Any CPU
		{2BFE2F01-CB71-4CCC-BFBC-9E74C9F4EDA4}.Debug|Any CPU.ActiveCfg = Debug|Any CPU
		{2BFE2F01-CB71-4CCC-BFBC-9E74C9F4EDA4}.Debug|Any CPU.Build.0 = Debug|Any CPU
		{2BFE2F01-CB71-4CCC-BFBC-9E74C9F4EDA4}.Release|Any CPU.ActiveCfg = Release|Any CPU
		{2BFE2F01-CB71-4CCC-BFBC-9E74C9F4EDA4}.Release|Any CPU.Build.0 = Release|Any CPU
	EndGlobalSection
	GlobalSection(SolutionProperties) = preSolution
		HideSolutionNode = FALSE
	EndGlobalSection
	GlobalSection(ExtensibilityGlobals) = postSolution
		SolutionGuid = {07756434-44FD-4995-AD21-6803F87007A2}
	EndGlobalSection
EndGlobal
